// !$*UTF8*$!
{
	archiveVersion = 1;
	classes = {
	};
	objectVersion = 46;
	objects = {

/* Begin PBXBuildFile section */
		4F04D1A21CDE7353002109CF /* main.cpp in Sources */ = {isa = PBXBuildFile; fileRef = 4F04D1A11CDE7353002109CF /* main.cpp */; };
		4F04D1A91CDE73BA002109CF /* OpenCL.framework in Frameworks */ = {isa = PBXBuildFile; fileRef = 4F04D1A81CDE73BA002109CF /* OpenCL.framework */; };
		4F04D1AC1CDE785F002109CF /* kernel.cl in Sources */ = {isa = PBXBuildFile; fileRef = 4F04D1AA1CDE785F002109CF /* kernel.cl */; };
		4F04D1AF1CDF3335002109CF /* Helpers.cpp in Sources */ = {isa = PBXBuildFile; fileRef = 4F04D1AD1CDF3335002109CF /* Helpers.cpp */; };
		4F04D1B21CDF3355002109CF /* Net.cpp in Sources */ = {isa = PBXBuildFile; fileRef = 4F04D1B01CDF3355002109CF /* Net.cpp */; };
		4F04D1B51CDF63FB002109CF /* Pin.cpp in Sources */ = {isa = PBXBuildFile; fileRef = 4F04D1B31CDF63FB002109CF /* Pin.cpp */; };
		4F04D1B81CDF6429002109CF /* ChannelData.cpp in Sources */ = {isa = PBXBuildFile; fileRef = 4F04D1B61CDF6429002109CF /* ChannelData.cpp */; };
		4F04D1BB1CDF6470002109CF /* Fish.cpp in Sources */ = {isa = PBXBuildFile; fileRef = 4F04D1B91CDF6470002109CF /* Fish.cpp */; };
		4F04D1BE1CE0BE50002109CF /* FSSAlgorithm.cpp in Sources */ = {isa = PBXBuildFile; fileRef = 4F04D1BC1CE0BE50002109CF /* FSSAlgorithm.cpp */; };
/* End PBXBuildFile section */

/* Begin PBXCopyFilesBuildPhase section */
		4F04D19C1CDE7353002109CF /* CopyFiles */ = {
			isa = PBXCopyFilesBuildPhase;
			buildActionMask = 2147483647;
			dstPath = /usr/share/man/man1/;
			dstSubfolderSpec = 0;
			files = (
			);
			runOnlyForDeploymentPostprocessing = 1;
		};
/* End PBXCopyFilesBuildPhase section */

/* Begin PBXFileReference section */
		4F04D19E1CDE7353002109CF /* OpenCLTest */ = {isa = PBXFileReference; explicitFileType = "compiled.mach-o.executable"; includeInIndex = 0; path = OpenCLTest; sourceTree = BUILT_PRODUCTS_DIR; };
		4F04D1A11CDE7353002109CF /* main.cpp */ = {isa = PBXFileReference; lastKnownFileType = sourcecode.cpp.cpp; path = main.cpp; sourceTree = "<group>"; };
		4F04D1A81CDE73BA002109CF /* OpenCL.framework */ = {isa = PBXFileReference; lastKnownFileType = wrapper.framework; name = OpenCL.framework; path = System/Library/Frameworks/OpenCL.framework; sourceTree = SDKROOT; };
		4F04D1AA1CDE785F002109CF /* kernel.cl */ = {isa = PBXFileReference; fileEncoding = 4; lastKnownFileType = sourcecode.opencl; path = kernel.cl; sourceTree = "<group>"; };
		4F04D1AD1CDF3335002109CF /* Helpers.cpp */ = {isa = PBXFileReference; fileEncoding = 4; lastKnownFileType = sourcecode.cpp.cpp; path = Helpers.cpp; sourceTree = "<group>"; };
		4F04D1AE1CDF3335002109CF /* Helpers.hpp */ = {isa = PBXFileReference; fileEncoding = 4; lastKnownFileType = sourcecode.cpp.h; path = Helpers.hpp; sourceTree = "<group>"; };
		4F04D1B01CDF3355002109CF /* Net.cpp */ = {isa = PBXFileReference; fileEncoding = 4; lastKnownFileType = sourcecode.cpp.cpp; path = Net.cpp; sourceTree = "<group>"; };
		4F04D1B11CDF3355002109CF /* Net.hpp */ = {isa = PBXFileReference; fileEncoding = 4; lastKnownFileType = sourcecode.cpp.h; path = Net.hpp; sourceTree = "<group>"; };
		4F04D1B31CDF63FB002109CF /* Pin.cpp */ = {isa = PBXFileReference; fileEncoding = 4; lastKnownFileType = sourcecode.cpp.cpp; path = Pin.cpp; sourceTree = "<group>"; };
		4F04D1B41CDF63FB002109CF /* Pin.hpp */ = {isa = PBXFileReference; fileEncoding = 4; lastKnownFileType = sourcecode.cpp.h; path = Pin.hpp; sourceTree = "<group>"; };
		4F04D1B61CDF6429002109CF /* ChannelData.cpp */ = {isa = PBXFileReference; fileEncoding = 4; lastKnownFileType = sourcecode.cpp.cpp; path = ChannelData.cpp; sourceTree = "<group>"; };
		4F04D1B71CDF6429002109CF /* ChannelData.hpp */ = {isa = PBXFileReference; fileEncoding = 4; lastKnownFileType = sourcecode.cpp.h; path = ChannelData.hpp; sourceTree = "<group>"; };
		4F04D1B91CDF6470002109CF /* Fish.cpp */ = {isa = PBXFileReference; fileEncoding = 4; lastKnownFileType = sourcecode.cpp.cpp; path = Fish.cpp; sourceTree = "<group>"; };
		4F04D1BA1CDF6470002109CF /* Fish.hpp */ = {isa = PBXFileReference; fileEncoding = 4; lastKnownFileType = sourcecode.cpp.h; path = Fish.hpp; sourceTree = "<group>"; };
		4F04D1BC1CE0BE50002109CF /* FSSAlgorithm.cpp */ = {isa = PBXFileReference; fileEncoding = 4; lastKnownFileType = sourcecode.cpp.cpp; path = FSSAlgorithm.cpp; sourceTree = "<group>"; };
		4F04D1BD1CE0BE50002109CF /* FSSAlgorithm.hpp */ = {isa = PBXFileReference; fileEncoding = 4; lastKnownFileType = sourcecode.cpp.h; path = FSSAlgorithm.hpp; sourceTree = "<group>"; };
/* End PBXFileReference section */

/* Begin PBXFrameworksBuildPhase section */
		4F04D19B1CDE7353002109CF /* Frameworks */ = {
			isa = PBXFrameworksBuildPhase;
			buildActionMask = 2147483647;
			files = (
				4F04D1A91CDE73BA002109CF /* OpenCL.framework in Frameworks */,
			);
			runOnlyForDeploymentPostprocessing = 0;
		};
/* End PBXFrameworksBuildPhase section */

/* Begin PBXGroup section */
		4F04D1951CDE7353002109CF = {
			isa = PBXGroup;
			children = (
				4F04D1A81CDE73BA002109CF /* OpenCL.framework */,
				4F04D1A01CDE7353002109CF /* OpenCLTest */,
				4F04D19F1CDE7353002109CF /* Products */,
			);
			sourceTree = "<group>";
		};
		4F04D19F1CDE7353002109CF /* Products */ = {
			isa = PBXGroup;
			children = (
				4F04D19E1CDE7353002109CF /* OpenCLTest */,
			);
			name = Products;
			sourceTree = "<group>";
		};
		4F04D1A01CDE7353002109CF /* OpenCLTest */ = {
			isa = PBXGroup;
			children = (
				4F04D1A11CDE7353002109CF /* main.cpp */,
				4F04D1AA1CDE785F002109CF /* kernel.cl */,
				4F04D1AD1CDF3335002109CF /* Helpers.cpp */,
				4F04D1AE1CDF3335002109CF /* Helpers.hpp */,
				4F04D1B01CDF3355002109CF /* Net.cpp */,
				4F04D1B11CDF3355002109CF /* Net.hpp */,
				4F04D1B31CDF63FB002109CF /* Pin.cpp */,
				4F04D1B41CDF63FB002109CF /* Pin.hpp */,
				4F04D1B61CDF6429002109CF /* ChannelData.cpp */,
				4F04D1B71CDF6429002109CF /* ChannelData.hpp */,
				4F04D1B91CDF6470002109CF /* Fish.cpp */,
				4F04D1BA1CDF6470002109CF /* Fish.hpp */,
				4F04D1BC1CE0BE50002109CF /* FSSAlgorithm.cpp */,
				4F04D1BD1CE0BE50002109CF /* FSSAlgorithm.hpp */,
			);
			path = OpenCLTest;
			sourceTree = "<group>";
		};
/* End PBXGroup section */

/* Begin PBXNativeTarget section */
		4F04D19D1CDE7353002109CF /* OpenCLTest */ = {
			isa = PBXNativeTarget;
			buildConfigurationList = 4F04D1A51CDE7353002109CF /* Build configuration list for PBXNativeTarget "OpenCLTest" */;
			buildPhases = (
				4F04D19A1CDE7353002109CF /* Sources */,
				4F04D19B1CDE7353002109CF /* Frameworks */,
				4F04D19C1CDE7353002109CF /* CopyFiles */,
			);
			buildRules = (
			);
			dependencies = (
			);
			name = OpenCLTest;
			productName = OpenCLTest;
			productReference = 4F04D19E1CDE7353002109CF /* OpenCLTest */;
			productType = "com.apple.product-type.tool";
		};
/* End PBXNativeTarget section */

/* Begin PBXProject section */
		4F04D1961CDE7353002109CF /* Project object */ = {
			isa = PBXProject;
			attributes = {
				LastUpgradeCheck = 0730;
				ORGANIZATIONNAME = FlatStack;
				TargetAttributes = {
					4F04D19D1CDE7353002109CF = {
						CreatedOnToolsVersion = 7.3.1;
					};
				};
			};
			buildConfigurationList = 4F04D1991CDE7353002109CF /* Build configuration list for PBXProject "OpenCLTest" */;
			compatibilityVersion = "Xcode 3.2";
			developmentRegion = English;
			hasScannedForEncodings = 0;
			knownRegions = (
				en,
			);
			mainGroup = 4F04D1951CDE7353002109CF;
			productRefGroup = 4F04D19F1CDE7353002109CF /* Products */;
			projectDirPath = "";
			projectRoot = "";
			targets = (
				4F04D19D1CDE7353002109CF /* OpenCLTest */,
			);
		};
/* End PBXProject section */

/* Begin PBXSourcesBuildPhase section */
		4F04D19A1CDE7353002109CF /* Sources */ = {
			isa = PBXSourcesBuildPhase;
			buildActionMask = 2147483647;
			files = (
				4F04D1B51CDF63FB002109CF /* Pin.cpp in Sources */,
				4F04D1AF1CDF3335002109CF /* Helpers.cpp in Sources */,
				4F04D1AC1CDE785F002109CF /* kernel.cl in Sources */,
				4F04D1A21CDE7353002109CF /* main.cpp in Sources */,
				4F04D1BE1CE0BE50002109CF /* FSSAlgorithm.cpp in Sources */,
				4F04D1BB1CDF6470002109CF /* Fish.cpp in Sources */,
				4F04D1B21CDF3355002109CF /* Net.cpp in Sources */,
				4F04D1B81CDF6429002109CF /* ChannelData.cpp in Sources */,
			);
			runOnlyForDeploymentPostprocessing = 0;
		};
/* End PBXSourcesBuildPhase section */

/* Begin XCBuildConfiguration section */
		4F04D1A31CDE7353002109CF /* Debug */ = {
			isa = XCBuildConfiguration;
			buildSettings = {
				ALWAYS_SEARCH_USER_PATHS = NO;
				CLANG_ANALYZER_NONNULL = YES;
				CLANG_CXX_LANGUAGE_STANDARD = "gnu++0x";
				CLANG_CXX_LIBRARY = "libc++";
				CLANG_ENABLE_MODULES = YES;
				CLANG_ENABLE_OBJC_ARC = YES;
				CLANG_WARN_BOOL_CONVERSION = YES;
				CLANG_WARN_CONSTANT_CONVERSION = YES;
				CLANG_WARN_DIRECT_OBJC_ISA_USAGE = YES_ERROR;
				CLANG_WARN_EMPTY_BODY = YES;
				CLANG_WARN_ENUM_CONVERSION = YES;
				CLANG_WARN_INT_CONVERSION = YES;
				CLANG_WARN_OBJC_ROOT_CLASS = YES_ERROR;
				CLANG_WARN_UNREACHABLE_CODE = YES;
				CLANG_WARN__DUPLICATE_METHOD_MATCH = YES;
				CODE_SIGN_IDENTITY = "-";
				COPY_PHASE_STRIP = NO;
				DEBUG_INFORMATION_FORMAT = dwarf;
				ENABLE_STRICT_OBJC_MSGSEND = YES;
				ENABLE_TESTABILITY = YES;
				GCC_C_LANGUAGE_STANDARD = gnu99;
				GCC_DYNAMIC_NO_PIC = NO;
				GCC_NO_COMMON_BLOCKS = YES;
				GCC_OPTIMIZATION_LEVEL = 0;
				GCC_PREPROCESSOR_DEFINITIONS = (
					"DEBUG=1",
					"$(inherited)",
				);
				GCC_WARN_64_TO_32_BIT_CONVERSION = YES;
				GCC_WARN_ABOUT_RETURN_TYPE = YES_ERROR;
				GCC_WARN_UNDECLARED_SELECTOR = YES;
				GCC_WARN_UNINITIALIZED_AUTOS = YES_AGGRESSIVE;
				GCC_WARN_UNUSED_FUNCTION = YES;
				GCC_WARN_UNUSED_VARIABLE = YES;
				MACOSX_DEPLOYMENT_TARGET = 10.11;
				MTL_ENABLE_DEBUG_INFO = YES;
				ONLY_ACTIVE_ARCH = YES;
				SDKROOT = macosx;
			};
			name = Debug;
		};
		4F04D1A41CDE7353002109CF /* Release */ = {
			isa = XCBuildConfiguration;
			buildSettings = {
				ALWAYS_SEARCH_USER_PATHS = NO;
				CLANG_ANALYZER_NONNULL = YES;
				CLANG_CXX_LANGUAGE_STANDARD = "gnu++0x";
				CLANG_CXX_LIBRARY = "libc++";
				CLANG_ENABLE_MODULES = YES;
				CLANG_ENABLE_OBJC_ARC = YES;
				CLANG_WARN_BOOL_CONVERSION = YES;
				CLANG_WARN_CONSTANT_CONVERSION = YES;
				CLANG_WARN_DIRECT_OBJC_ISA_USAGE = YES_ERROR;
				CLANG_WARN_EMPTY_BODY = YES;
				CLANG_WARN_ENUM_CONVERSION = YES;
				CLANG_WARN_INT_CONVERSION = YES;
				CLANG_WARN_OBJC_ROOT_CLASS = YES_ERROR;
				CLANG_WARN_UNREACHABLE_CODE = YES;
				CLANG_WARN__DUPLICATE_METHOD_MATCH = YES;
				CODE_SIGN_IDENTITY = "-";
				COPY_PHASE_STRIP = NO;
				DEBUG_INFORMATION_FORMAT = "dwarf-with-dsym";
				ENABLE_NS_ASSERTIONS = NO;
				ENABLE_STRICT_OBJC_MSGSEND = YES;
				GCC_C_LANGUAGE_STANDARD = gnu99;
				GCC_NO_COMMON_BLOCKS = YES;
				GCC_WARN_64_TO_32_BIT_CONVERSION = YES;
				GCC_WARN_ABOUT_RETURN_TYPE = YES_ERROR;
				GCC_WARN_UNDECLARED_SELECTOR = YES;
				GCC_WARN_UNINITIALIZED_AUTOS = YES_AGGRESSIVE;
				GCC_WARN_UNUSED_FUNCTION = YES;
				GCC_WARN_UNUSED_VARIABLE = YES;
				MACOSX_DEPLOYMENT_TARGET = 10.11;
				MTL_ENABLE_DEBUG_INFO = NO;
				SDKROOT = macosx;
			};
			name = Release;
		};
		4F04D1A61CDE7353002109CF /* Debug */ = {
			isa = XCBuildConfiguration;
			buildSettings = {
				PRODUCT_NAME = "$(TARGET_NAME)";
			};
			name = Debug;
		};
		4F04D1A71CDE7353002109CF /* Release */ = {
			isa = XCBuildConfiguration;
			buildSettings = {
				PRODUCT_NAME = "$(TARGET_NAME)";
			};
			name = Release;
		};
/* End XCBuildConfiguration section */

/* Begin XCConfigurationList section */
		4F04D1991CDE7353002109CF /* Build configuration list for PBXProject "OpenCLTest" */ = {
			isa = XCConfigurationList;
			buildConfigurations = (
				4F04D1A31CDE7353002109CF /* Debug */,
				4F04D1A41CDE7353002109CF /* Release */,
			);
			defaultConfigurationIsVisible = 0;
			defaultConfigurationName = Release;
		};
		4F04D1A51CDE7353002109CF /* Build configuration list for PBXNativeTarget "OpenCLTest" */ = {
			isa = XCConfigurationList;
			buildConfigurations = (
				4F04D1A61CDE7353002109CF /* Debug */,
				4F04D1A71CDE7353002109CF /* Release */,
			);
			defaultConfigurationIsVisible = 0;
			defaultConfigurationName = Release;
		};
/* End XCConfigurationList section */
	};
	rootObject = 4F04D1961CDE7353002109CF /* Project object */;
}
